Microsoft Visual Studio Solution File, Format Version 12.00
# Visual Studio Version 17
VisualStudioVersion = 17.5.2.0
MinimumVisualStudioVersion = 10.0.40219.1
Project("{FAE04EC0-301F-11D3-BF4B-00C04F79EFBC}") = "src", "RunningWebApi\src.csproj", "{ADAEB53D-269D-3E90-E357-D1BCA31C17EC}"
EndProject
Global
	GlobalSection(SolutionConfigurationPlatforms) = preSolution
		Debug|Any CPU = Debug|Any CPU
		Release|Any CPU = Release|Any CPU
	EndGlobalSection
	GlobalSection(ProjectConfigurationPlatforms) = postSolution
		{ADAEB53D-269D-3E90-E357-D1BCA31C17EC}.Debug|Any CPU.ActiveCfg = Debug|Any CPU
		{ADAEB53D-269D-3E90-E357-D1BCA31C17EC}.Debug|Any CPU.Build.0 = Debug|Any CPU
		{ADAEB53D-269D-3E90-E357-D1BCA31C17EC}.Release|Any CPU.ActiveCfg = Release|Any CPU
		{ADAEB53D-269D-3E90-E357-D1BCA31C17EC}.Release|Any CPU.Build.0 = Release|Any CPU
	EndGlobalSection
	GlobalSection(SolutionProperties) = preSolution
		HideSolutionNode = FALSE
	EndGlobalSection
	GlobalSection(ExtensibilityGlobals) = postSolution
		SolutionGuid = {84C46511-7E2D-4F2E-842A-AEF44B79041B}
	EndGlobalSection
EndGlobal
